
Microsoft Visual Studio Solution File, Format Version 12.00
# Visual Studio Version 17
VisualStudioVersion = 17.7.34009.444
MinimumVisualStudioVersion = 10.0.40219.1
Project("{9A19103F-16F7-4668-BE54-9A1E7A4F7556}") = "Parcial", "Parcial\Parcial.csproj", "{B2CE3B65-0F94-4C8D-B101-43AAC589E519}"
EndProject
Project("{FAE04EC0-301F-11D3-BF4B-00C04F79EFBC}") = "model", "model\model.csproj", "{ADFEBB3D-B1CC-4847-8E56-BA413AD5273C}"
EndProject
Project("{FAE04EC0-301F-11D3-BF4B-00C04F79EFBC}") = "data", "data\data.csproj", "{09F1A2AA-87C6-4B88-A5E0-BE295D7A461A}"
EndProject
Global
	GlobalSection(SolutionConfigurationPlatforms) = preSolution
		Debug|Any CPU = Debug|Any CPU
		Release|Any CPU = Release|Any CPU
	EndGlobalSection
	GlobalSection(ProjectConfigurationPlatforms) = postSolution
		{B2CE3B65-0F94-4C8D-B101-43AAC589E519}.Debug|Any CPU.ActiveCfg = Debug|Any CPU
		{B2CE3B65-0F94-4C8D-B101-43AAC589E519}.Debug|Any CPU.Build.0 = Debug|Any CPU
		{B2CE3B65-0F94-4C8D-B101-43AAC589E519}.Release|Any CPU.ActiveCfg = Release|Any CPU
		{B2CE3B65-0F94-4C8D-B101-43AAC589E519}.Release|Any CPU.Build.0 = Release|Any CPU
		{ADFEBB3D-B1CC-4847-8E56-BA413AD5273C}.Debug|Any CPU.ActiveCfg = Debug|Any CPU
		{ADFEBB3D-B1CC-4847-8E56-BA413AD5273C}.Debug|Any CPU.Build.0 = Debug|Any CPU
		{ADFEBB3D-B1CC-4847-8E56-BA413AD5273C}.Release|Any CPU.ActiveCfg = Release|Any CPU
		{ADFEBB3D-B1CC-4847-8E56-BA413AD5273C}.Release|Any CPU.Build.0 = Release|Any CPU
		{09F1A2AA-87C6-4B88-A5E0-BE295D7A461A}.Debug|Any CPU.ActiveCfg = Debug|Any CPU
		{09F1A2AA-87C6-4B88-A5E0-BE295D7A461A}.Debug|Any CPU.Build.0 = Debug|Any CPU
		{09F1A2AA-87C6-4B88-A5E0-BE295D7A461A}.Release|Any CPU.ActiveCfg = Release|Any CPU
		{09F1A2AA-87C6-4B88-A5E0-BE295D7A461A}.Release|Any CPU.Build.0 = Release|Any CPU
	EndGlobalSection
	GlobalSection(SolutionProperties) = preSolution
		HideSolutionNode = FALSE
	EndGlobalSection
	GlobalSection(ExtensibilityGlobals) = postSolution
		SolutionGuid = {5F983CC7-54C5-4C62-BE44-F798FAB61859}
	EndGlobalSection
EndGlobal
